
Microsoft Visual Studio Solution File, Format Version 12.00
# Visual Studio Version 17
VisualStudioVersion = 17.4.33213.308
MinimumVisualStudioVersion = 10.0.40219.1
Project("{FAE04EC0-301F-11D3-BF4B-00C04F79EFBC}") = "PerfectShoes", "PerfectShoes.csproj", "{84F03F73-9AE4-4EFE-9BD9-34BCBFA758B1}"
EndProject
Global
	GlobalSection(SolutionConfigurationPlatforms) = preSolution
		Debug|Any CPU = Debug|Any CPU
		Release|Any CPU = Release|Any CPU
	EndGlobalSection
	GlobalSection(ProjectConfigurationPlatforms) = postSolution
		{84F03F73-9AE4-4EFE-9BD9-34BCBFA758B1}.Debug|Any CPU.ActiveCfg = Debug|Any CPU
		{84F03F73-9AE4-4EFE-9BD9-34BCBFA758B1}.Debug|Any CPU.Build.0 = Debug|Any CPU
		{84F03F73-9AE4-4EFE-9BD9-34BCBFA758B1}.Release|Any CPU.ActiveCfg = Release|Any CPU
		{84F03F73-9AE4-4EFE-9BD9-34BCBFA758B1}.Release|Any CPU.Build.0 = Release|Any CPU
	EndGlobalSection
	GlobalSection(SolutionProperties) = preSolution
		HideSolutionNode = FALSE
	EndGlobalSection
	GlobalSection(ExtensibilityGlobals) = postSolution
		SolutionGuid = {C701523F-8410-4DF9-87F0-714FD0141703}
	EndGlobalSection
EndGlobal
